
Microsoft Visual Studio Solution File, Format Version 12.00
# Visual Studio Version 17
VisualStudioVersion = 17.0.32112.339
MinimumVisualStudioVersion = 10.0.40219.1
Project("{FAE04EC0-301F-11D3-BF4B-00C04F79EFBC}") = "DarkMode", "DarkMode\DarkMode.csproj", "{BDEF146A-29D3-4DDD-B4AE-832E1BA596D9}"
EndProject
Global
	GlobalSection(SolutionConfigurationPlatforms) = preSolution
		Debug|Any CPU = Debug|Any CPU
		Release|Any CPU = Release|Any CPU
	EndGlobalSection
	GlobalSection(ProjectConfigurationPlatforms) = postSolution
		{BDEF146A-29D3-4DDD-B4AE-832E1BA596D9}.Debug|Any CPU.ActiveCfg = Debug|Any CPU
		{BDEF146A-29D3-4DDD-B4AE-832E1BA596D9}.Debug|Any CPU.Build.0 = Debug|Any CPU
		{BDEF146A-29D3-4DDD-B4AE-832E1BA596D9}.Release|Any CPU.ActiveCfg = Release|Any CPU
		{BDEF146A-29D3-4DDD-B4AE-832E1BA596D9}.Release|Any CPU.Build.0 = Release|Any CPU
	EndGlobalSection
	GlobalSection(SolutionProperties) = preSolution
		HideSolutionNode = FALSE
	EndGlobalSection
	GlobalSection(ExtensibilityGlobals) = postSolution
		SolutionGuid = {FB8500CF-5720-4F55-917B-86553413CCC9}
	EndGlobalSection
EndGlobal
